{
  "name": "devdoot-example-npm-nodejs",
  "version": "1.0.0",
  "lockfileVersion": 3,
  "requires": true,
  "packages": {
    "": {
      "name": "devdoot-example-npm-nodejs",
      "version": "1.0.0",
      "dependencies": {
        "devdoot": "file:../../../devdoot-0.0.8.tgz"
      }
    },
    "node_modules/devdoot": {
      "version": "0.0.8",
      "resolved": "file:../../../devdoot-0.0.8.tgz",
      "integrity": "sha512-CMSovqa/T4tKvnmJVobsmejTwG2cn9OWl7l99ciCpZPEGFCP1ETyiMjXdArbh3D2tGMHuDKKBAuk5BHH9MIiWg==",
      "license": "ISC",
      "bin": {
        "devdoot": "dist/cli.js"
      }
    }
  }
}
